
Microsoft Visual Studio Solution File, Format Version 12.00
# Visual Studio Version 17
VisualStudioVersion = 17.4.33205.214
MinimumVisualStudioVersion = 10.0.40219.1
Project("{9A19103F-16F7-4668-BE54-9A1E7A4F7556}") = "1538", "1538.csproj", "{A9F8E515-DFD0-4307-8611-165F50A4E320}"
EndProject
Global
	GlobalSection(SolutionConfigurationPlatforms) = preSolution
		Debug|Any CPU = Debug|Any CPU
		Release|Any CPU = Release|Any CPU
	EndGlobalSection
	GlobalSection(ProjectConfigurationPlatforms) = postSolution
		{A9F8E515-DFD0-4307-8611-165F50A4E320}.Debug|Any CPU.ActiveCfg = Debug|Any CPU
		{A9F8E515-DFD0-4307-8611-165F50A4E320}.Debug|Any CPU.Build.0 = Debug|Any CPU
		{A9F8E515-DFD0-4307-8611-165F50A4E320}.Release|Any CPU.ActiveCfg = Release|Any CPU
		{A9F8E515-DFD0-4307-8611-165F50A4E320}.Release|Any CPU.Build.0 = Release|Any CPU
	EndGlobalSection
	GlobalSection(SolutionProperties) = preSolution
		HideSolutionNode = FALSE
	EndGlobalSection
	GlobalSection(ExtensibilityGlobals) = postSolution
		SolutionGuid = {2D8FE07D-FA42-480D-B56E-CE5C2FD19842}
	EndGlobalSection
EndGlobal
